// !$*UTF8*$!
{
	archiveVersion = 1;
	classes = {
	};
	objectVersion = 56;
	objects = {

/* Begin PBXBuildFile section */
		E2B19DD42A207885006AD468 /* SignInTextFieldModifier.swift in Sources */ = {isa = PBXBuildFile; fileRef = E2B19DD32A207885006AD468 /* SignInTextFieldModifier.swift */; };
		E2B19DD62A207CD7006AD468 /* LogInView.swift in Sources */ = {isa = PBXBuildFile; fileRef = E2B19DD52A207CD7006AD468 /* LogInView.swift */; };
		E2CFB5AC2A20726A004F2590 /* SignInView.swift in Sources */ = {isa = PBXBuildFile; fileRef = E2CFB5AB2A20726A004F2590 /* SignInView.swift */; };
		E2F43E542A1F0E16005A6A86 /* MatchingSwiftUIApp.swift in Sources */ = {isa = PBXBuildFile; fileRef = E2F43E532A1F0E16005A6A86 /* MatchingSwiftUIApp.swift */; };
		E2F43E562A1F0E16005A6A86 /* HomeView.swift in Sources */ = {isa = PBXBuildFile; fileRef = E2F43E552A1F0E16005A6A86 /* HomeView.swift */; };
		E2F43E582A1F0E1F005A6A86 /* Assets.xcassets in Resources */ = {isa = PBXBuildFile; fileRef = E2F43E572A1F0E1F005A6A86 /* Assets.xcassets */; };
		E2F43E5B2A1F0E1F005A6A86 /* Preview Assets.xcassets in Resources */ = {isa = PBXBuildFile; fileRef = E2F43E5A2A1F0E1F005A6A86 /* Preview Assets.xcassets */; };
		E2F43E642A1F2559005A6A86 /* TopControllView.swift in Sources */ = {isa = PBXBuildFile; fileRef = E2F43E632A1F2559005A6A86 /* TopControllView.swift */; };
		E2F43E662A1F2633005A6A86 /* BottomControllView.swift in Sources */ = {isa = PBXBuildFile; fileRef = E2F43E652A1F2633005A6A86 /* BottomControllView.swift */; };
		E2F43E6B2A1F2F91005A6A86 /* BottomButtonModifier.swift in Sources */ = {isa = PBXBuildFile; fileRef = E2F43E6A2A1F2F91005A6A86 /* BottomButtonModifier.swift */; };
		E2F43E6D2A1F2FD4005A6A86 /* View_extension.swift in Sources */ = {isa = PBXBuildFile; fileRef = E2F43E6C2A1F2FD4005A6A86 /* View_extension.swift */; };
		E2F43E6F2A1F3009005A6A86 /* image_extension.swift in Sources */ = {isa = PBXBuildFile; fileRef = E2F43E6E2A1F3009005A6A86 /* image_extension.swift */; };
		E2F43E722A206866005A6A86 /* CardViewModel.swift in Sources */ = {isa = PBXBuildFile; fileRef = E2F43E712A206866005A6A86 /* CardViewModel.swift */; };
/* End PBXBuildFile section */

/* Begin PBXFileReference section */
		E2B19DD32A207885006AD468 /* SignInTextFieldModifier.swift */ = {isa = PBXFileReference; lastKnownFileType = sourcecode.swift; path = SignInTextFieldModifier.swift; sourceTree = "<group>"; };
		E2B19DD52A207CD7006AD468 /* LogInView.swift */ = {isa = PBXFileReference; lastKnownFileType = sourcecode.swift; path = LogInView.swift; sourceTree = "<group>"; };
		E2CFB5AB2A20726A004F2590 /* SignInView.swift */ = {isa = PBXFileReference; lastKnownFileType = sourcecode.swift; path = SignInView.swift; sourceTree = "<group>"; };
		E2F43E502A1F0E16005A6A86 /* MatchingSwiftUI.app */ = {isa = PBXFileReference; explicitFileType = wrapper.application; includeInIndex = 0; path = MatchingSwiftUI.app; sourceTree = BUILT_PRODUCTS_DIR; };
		E2F43E532A1F0E16005A6A86 /* MatchingSwiftUIApp.swift */ = {isa = PBXFileReference; lastKnownFileType = sourcecode.swift; path = MatchingSwiftUIApp.swift; sourceTree = "<group>"; };
		E2F43E552A1F0E16005A6A86 /* HomeView.swift */ = {isa = PBXFileReference; lastKnownFileType = sourcecode.swift; path = HomeView.swift; sourceTree = "<group>"; };
		E2F43E572A1F0E1F005A6A86 /* Assets.xcassets */ = {isa = PBXFileReference; lastKnownFileType = folder.assetcatalog; path = Assets.xcassets; sourceTree = "<group>"; };
		E2F43E5A2A1F0E1F005A6A86 /* Preview Assets.xcassets */ = {isa = PBXFileReference; lastKnownFileType = folder.assetcatalog; path = "Preview Assets.xcassets"; sourceTree = "<group>"; };
		E2F43E632A1F2559005A6A86 /* TopControllView.swift */ = {isa = PBXFileReference; lastKnownFileType = sourcecode.swift; path = TopControllView.swift; sourceTree = "<group>"; };
		E2F43E652A1F2633005A6A86 /* BottomControllView.swift */ = {isa = PBXFileReference; lastKnownFileType = sourcecode.swift; path = BottomControllView.swift; sourceTree = "<group>"; };
		E2F43E6A2A1F2F91005A6A86 /* BottomButtonModifier.swift */ = {isa = PBXFileReference; lastKnownFileType = sourcecode.swift; path = BottomButtonModifier.swift; sourceTree = "<group>"; };
		E2F43E6C2A1F2FD4005A6A86 /* View_extension.swift */ = {isa = PBXFileReference; lastKnownFileType = sourcecode.swift; path = View_extension.swift; sourceTree = "<group>"; };
		E2F43E6E2A1F3009005A6A86 /* image_extension.swift */ = {isa = PBXFileReference; lastKnownFileType = sourcecode.swift; path = image_extension.swift; sourceTree = "<group>"; };
		E2F43E712A206866005A6A86 /* CardViewModel.swift */ = {isa = PBXFileReference; lastKnownFileType = sourcecode.swift; path = CardViewModel.swift; sourceTree = "<group>"; };
/* End PBXFileReference section */

/* Begin PBXFrameworksBuildPhase section */
		E2F43E4D2A1F0E15005A6A86 /* Frameworks */ = {
			isa = PBXFrameworksBuildPhase;
			buildActionMask = 2147483647;
			files = (
			);
			runOnlyForDeploymentPostprocessing = 0;
		};
/* End PBXFrameworksBuildPhase section */

/* Begin PBXGroup section */
		E2F43E472A1F0E15005A6A86 = {
			isa = PBXGroup;
			children = (
				E2F43E522A1F0E16005A6A86 /* MatchingSwiftUI */,
				E2F43E512A1F0E16005A6A86 /* Products */,
			);
			sourceTree = "<group>";
		};
		E2F43E512A1F0E16005A6A86 /* Products */ = {
			isa = PBXGroup;
			children = (
				E2F43E502A1F0E16005A6A86 /* MatchingSwiftUI.app */,
			);
			name = Products;
			sourceTree = "<group>";
		};
		E2F43E522A1F0E16005A6A86 /* MatchingSwiftUI */ = {
			isa = PBXGroup;
			children = (
				E2F43E702A206846005A6A86 /* ViewModel */,
				E2F43E672A1F2F27005A6A86 /* Util */,
				E2F43E532A1F0E16005A6A86 /* MatchingSwiftUIApp.swift */,
				E2F43E622A1F24C3005A6A86 /* Views */,
				E2F43E572A1F0E1F005A6A86 /* Assets.xcassets */,
				E2F43E592A1F0E1F005A6A86 /* Preview Content */,
			);
			path = MatchingSwiftUI;
			sourceTree = "<group>";
		};
		E2F43E592A1F0E1F005A6A86 /* Preview Content */ = {
			isa = PBXGroup;
			children = (
				E2F43E5A2A1F0E1F005A6A86 /* Preview Assets.xcassets */,
			);
			path = "Preview Content";
			sourceTree = "<group>";
		};
		E2F43E622A1F24C3005A6A86 /* Views */ = {
			isa = PBXGroup;
			children = (
				E2F43E552A1F0E16005A6A86 /* HomeView.swift */,
				E2F43E632A1F2559005A6A86 /* TopControllView.swift */,
				E2F43E652A1F2633005A6A86 /* BottomControllView.swift */,
				E2CFB5AB2A20726A004F2590 /* SignInView.swift */,
				E2B19DD52A207CD7006AD468 /* LogInView.swift */,
			);
			path = Views;
			sourceTree = "<group>";
		};
		E2F43E672A1F2F27005A6A86 /* Util */ = {
			isa = PBXGroup;
			children = (
				E2F43E692A1F2F4F005A6A86 /* Extensions */,
				E2F43E682A1F2F37005A6A86 /* Modifier */,
			);
			path = Util;
			sourceTree = "<group>";
		};
		E2F43E682A1F2F37005A6A86 /* Modifier */ = {
			isa = PBXGroup;
			children = (
				E2F43E6A2A1F2F91005A6A86 /* BottomButtonModifier.swift */,
				E2B19DD32A207885006AD468 /* SignInTextFieldModifier.swift */,
			);
			path = Modifier;
			sourceTree = "<group>";
		};
		E2F43E692A1F2F4F005A6A86 /* Extensions */ = {
			isa = PBXGroup;
			children = (
				E2F43E6C2A1F2FD4005A6A86 /* View_extension.swift */,
				E2F43E6E2A1F3009005A6A86 /* image_extension.swift */,
			);
			path = Extensions;
			sourceTree = "<group>";
		};
		E2F43E702A206846005A6A86 /* ViewModel */ = {
			isa = PBXGroup;
			children = (
				E2F43E712A206866005A6A86 /* CardViewModel.swift */,
			);
			path = ViewModel;
			sourceTree = "<group>";
		};
/* End PBXGroup section */

/* Begin PBXNativeTarget section */
		E2F43E4F2A1F0E15005A6A86 /* MatchingSwiftUI */ = {
			isa = PBXNativeTarget;
			buildConfigurationList = E2F43E5E2A1F0E1F005A6A86 /* Build configuration list for PBXNativeTarget "MatchingSwiftUI" */;
			buildPhases = (
				E2F43E4C2A1F0E15005A6A86 /* Sources */,
				E2F43E4D2A1F0E15005A6A86 /* Frameworks */,
				E2F43E4E2A1F0E15005A6A86 /* Resources */,
			);
			buildRules = (
			);
			dependencies = (
			);
			name = MatchingSwiftUI;
			productName = MatchingSwiftUI;
			productReference = E2F43E502A1F0E16005A6A86 /* MatchingSwiftUI.app */;
			productType = "com.apple.product-type.application";
		};
/* End PBXNativeTarget section */

/* Begin PBXProject section */
		E2F43E482A1F0E15005A6A86 /* Project object */ = {
			isa = PBXProject;
			attributes = {
				BuildIndependentTargetsInParallel = 1;
				LastSwiftUpdateCheck = 1430;
				LastUpgradeCheck = 1430;
				TargetAttributes = {
					E2F43E4F2A1F0E15005A6A86 = {
						CreatedOnToolsVersion = 14.3;
					};
				};
			};
			buildConfigurationList = E2F43E4B2A1F0E15005A6A86 /* Build configuration list for PBXProject "MatchingSwiftUI" */;
			compatibilityVersion = "Xcode 14.0";
			developmentRegion = en;
			hasScannedForEncodings = 0;
			knownRegions = (
				en,
				Base,
			);
			mainGroup = E2F43E472A1F0E15005A6A86;
			productRefGroup = E2F43E512A1F0E16005A6A86 /* Products */;
			projectDirPath = "";
			projectRoot = "";
			targets = (
				E2F43E4F2A1F0E15005A6A86 /* MatchingSwiftUI */,
			);
		};
/* End PBXProject section */

/* Begin PBXResourcesBuildPhase section */
		E2F43E4E2A1F0E15005A6A86 /* Resources */ = {
			isa = PBXResourcesBuildPhase;
			buildActionMask = 2147483647;
			files = (
				E2F43E5B2A1F0E1F005A6A86 /* Preview Assets.xcassets in Resources */,
				E2F43E582A1F0E1F005A6A86 /* Assets.xcassets in Resources */,
			);
			runOnlyForDeploymentPostprocessing = 0;
		};
/* End PBXResourcesBuildPhase section */

/* Begin PBXSourcesBuildPhase section */
		E2F43E4C2A1F0E15005A6A86 /* Sources */ = {
			isa = PBXSourcesBuildPhase;
			buildActionMask = 2147483647;
			files = (
				E2CFB5AC2A20726A004F2590 /* SignInView.swift in Sources */,
				E2F43E6D2A1F2FD4005A6A86 /* View_extension.swift in Sources */,
				E2F43E6F2A1F3009005A6A86 /* image_extension.swift in Sources */,
				E2F43E662A1F2633005A6A86 /* BottomControllView.swift in Sources */,
				E2F43E642A1F2559005A6A86 /* TopControllView.swift in Sources */,
				E2F43E722A206866005A6A86 /* CardViewModel.swift in Sources */,
				E2F43E562A1F0E16005A6A86 /* HomeView.swift in Sources */,
				E2F43E542A1F0E16005A6A86 /* MatchingSwiftUIApp.swift in Sources */,
				E2B19DD62A207CD7006AD468 /* LogInView.swift in Sources */,
				E2B19DD42A207885006AD468 /* SignInTextFieldModifier.swift in Sources */,
				E2F43E6B2A1F2F91005A6A86 /* BottomButtonModifier.swift in Sources */,
			);
			runOnlyForDeploymentPostprocessing = 0;
		};
/* End PBXSourcesBuildPhase section */

/* Begin XCBuildConfiguration section */
		E2F43E5C2A1F0E1F005A6A86 /* Debug */ = {
			isa = XCBuildConfiguration;
			buildSettings = {
				ALWAYS_SEARCH_USER_PATHS = NO;
				CLANG_ANALYZER_NONNULL = YES;
				CLANG_ANALYZER_NUMBER_OBJECT_CONVERSION = YES_AGGRESSIVE;
				CLANG_CXX_LANGUAGE_STANDARD = "gnu++20";
				CLANG_ENABLE_MODULES = YES;
				CLANG_ENABLE_OBJC_ARC = YES;
				CLANG_ENABLE_OBJC_WEAK = YES;
				CLANG_WARN_BLOCK_CAPTURE_AUTORELEASING = YES;
				CLANG_WARN_BOOL_CONVERSION = YES;
				CLANG_WARN_COMMA = YES;
				CLANG_WARN_CONSTANT_CONVERSION = YES;
				CLANG_WARN_DEPRECATED_OBJC_IMPLEMENTATIONS = YES;
				CLANG_WARN_DIRECT_OBJC_ISA_USAGE = YES_ERROR;
				CLANG_WARN_DOCUMENTATION_COMMENTS = YES;
				CLANG_WARN_EMPTY_BODY = YES;
				CLANG_WARN_ENUM_CONVERSION = YES;
				CLANG_WARN_INFINITE_RECURSION = YES;
				CLANG_WARN_INT_CONVERSION = YES;
				CLANG_WARN_NON_LITERAL_NULL_CONVERSION = YES;
				CLANG_WARN_OBJC_IMPLICIT_RETAIN_SELF = YES;
				CLANG_WARN_OBJC_LITERAL_CONVERSION = YES;
				CLANG_WARN_OBJC_ROOT_CLASS = YES_ERROR;
				CLANG_WARN_QUOTED_INCLUDE_IN_FRAMEWORK_HEADER = YES;
				CLANG_WARN_RANGE_LOOP_ANALYSIS = YES;
				CLANG_WARN_STRICT_PROTOTYPES = YES;
				CLANG_WARN_SUSPICIOUS_MOVE = YES;
				CLANG_WARN_UNGUARDED_AVAILABILITY = YES_AGGRESSIVE;
				CLANG_WARN_UNREACHABLE_CODE = YES;
				CLANG_WARN__DUPLICATE_METHOD_MATCH = YES;
				COPY_PHASE_STRIP = NO;
				DEBUG_INFORMATION_FORMAT = dwarf;
				ENABLE_STRICT_OBJC_MSGSEND = YES;
				ENABLE_TESTABILITY = YES;
				GCC_C_LANGUAGE_STANDARD = gnu11;
				GCC_DYNAMIC_NO_PIC = NO;
				GCC_NO_COMMON_BLOCKS = YES;
				GCC_OPTIMIZATION_LEVEL = 0;
				GCC_PREPROCESSOR_DEFINITIONS = (
					"DEBUG=1",
					"$(inherited)",
				);
				GCC_WARN_64_TO_32_BIT_CONVERSION = YES;
				GCC_WARN_ABOUT_RETURN_TYPE = YES_ERROR;
				GCC_WARN_UNDECLARED_SELECTOR = YES;
				GCC_WARN_UNINITIALIZED_AUTOS = YES_AGGRESSIVE;
				GCC_WARN_UNUSED_FUNCTION = YES;
				GCC_WARN_UNUSED_VARIABLE = YES;
				IPHONEOS_DEPLOYMENT_TARGET = 16.4;
				MTL_ENABLE_DEBUG_INFO = INCLUDE_SOURCE;
				MTL_FAST_MATH = YES;
				ONLY_ACTIVE_ARCH = YES;
				SDKROOT = iphoneos;
				SWIFT_ACTIVE_COMPILATION_CONDITIONS = DEBUG;
				SWIFT_OPTIMIZATION_LEVEL = "-Onone";
			};
			name = Debug;
		};
		E2F43E5D2A1F0E1F005A6A86 /* Release */ = {
			isa = XCBuildConfiguration;
			buildSettings = {
				ALWAYS_SEARCH_USER_PATHS = NO;
				CLANG_ANALYZER_NONNULL = YES;
				CLANG_ANALYZER_NUMBER_OBJECT_CONVERSION = YES_AGGRESSIVE;
				CLANG_CXX_LANGUAGE_STANDARD = "gnu++20";
				CLANG_ENABLE_MODULES = YES;
				CLANG_ENABLE_OBJC_ARC = YES;
				CLANG_ENABLE_OBJC_WEAK = YES;
				CLANG_WARN_BLOCK_CAPTURE_AUTORELEASING = YES;
				CLANG_WARN_BOOL_CONVERSION = YES;
				CLANG_WARN_COMMA = YES;
				CLANG_WARN_CONSTANT_CONVERSION = YES;
				CLANG_WARN_DEPRECATED_OBJC_IMPLEMENTATIONS = YES;
				CLANG_WARN_DIRECT_OBJC_ISA_USAGE = YES_ERROR;
				CLANG_WARN_DOCUMENTATION_COMMENTS = YES;
				CLANG_WARN_EMPTY_BODY = YES;
				CLANG_WARN_ENUM_CONVERSION = YES;
				CLANG_WARN_INFINITE_RECURSION = YES;
				CLANG_WARN_INT_CONVERSION = YES;
				CLANG_WARN_NON_LITERAL_NULL_CONVERSION = YES;
				CLANG_WARN_OBJC_IMPLICIT_RETAIN_SELF = YES;
				CLANG_WARN_OBJC_LITERAL_CONVERSION = YES;
				CLANG_WARN_OBJC_ROOT_CLASS = YES_ERROR;
				CLANG_WARN_QUOTED_INCLUDE_IN_FRAMEWORK_HEADER = YES;
				CLANG_WARN_RANGE_LOOP_ANALYSIS = YES;
				CLANG_WARN_STRICT_PROTOTYPES = YES;
				CLANG_WARN_SUSPICIOUS_MOVE = YES;
				CLANG_WARN_UNGUARDED_AVAILABILITY = YES_AGGRESSIVE;
				CLANG_WARN_UNREACHABLE_CODE = YES;
				CLANG_WARN__DUPLICATE_METHOD_MATCH = YES;
				COPY_PHASE_STRIP = NO;
				DEBUG_INFORMATION_FORMAT = "dwarf-with-dsym";
				ENABLE_NS_ASSERTIONS = NO;
				ENABLE_STRICT_OBJC_MSGSEND = YES;
				GCC_C_LANGUAGE_STANDARD = gnu11;
				GCC_NO_COMMON_BLOCKS = YES;
				GCC_WARN_64_TO_32_BIT_CONVERSION = YES;
				GCC_WARN_ABOUT_RETURN_TYPE = YES_ERROR;
				GCC_WARN_UNDECLARED_SELECTOR = YES;
				GCC_WARN_UNINITIALIZED_AUTOS = YES_AGGRESSIVE;
				GCC_WARN_UNUSED_FUNCTION = YES;
				GCC_WARN_UNUSED_VARIABLE = YES;
				IPHONEOS_DEPLOYMENT_TARGET = 16.4;
				MTL_ENABLE_DEBUG_INFO = NO;
				MTL_FAST_MATH = YES;
				SDKROOT = iphoneos;
				SWIFT_COMPILATION_MODE = wholemodule;
				SWIFT_OPTIMIZATION_LEVEL = "-O";
				VALIDATE_PRODUCT = YES;
			};
			name = Release;
		};
		E2F43E5F2A1F0E1F005A6A86 /* Debug */ = {
			isa = XCBuildConfiguration;
			buildSettings = {
				ASSETCATALOG_COMPILER_APPICON_NAME = AppIcon;
				ASSETCATALOG_COMPILER_GLOBAL_ACCENT_COLOR_NAME = AccentColor;
				CODE_SIGN_STYLE = Automatic;
				CURRENT_PROJECT_VERSION = 1;
				DEVELOPMENT_ASSET_PATHS = "\"MatchingSwiftUI/Preview Content\"";
				ENABLE_PREVIEWS = YES;
				GENERATE_INFOPLIST_FILE = YES;
				INFOPLIST_KEY_UIApplicationSceneManifest_Generation = YES;
				INFOPLIST_KEY_UIApplicationSupportsIndirectInputEvents = YES;
				INFOPLIST_KEY_UILaunchScreen_Generation = YES;
				INFOPLIST_KEY_UISupportedInterfaceOrientations_iPad = "UIInterfaceOrientationPortrait UIInterfaceOrientationPortraitUpsideDown UIInterfaceOrientationLandscapeLeft UIInterfaceOrientationLandscapeRight";
				INFOPLIST_KEY_UISupportedInterfaceOrientations_iPhone = "UIInterfaceOrientationPortrait UIInterfaceOrientationLandscapeLeft UIInterfaceOrientationLandscapeRight";
				LD_RUNPATH_SEARCH_PATHS = (
					"$(inherited)",
					"@executable_path/Frameworks",
				);
				MARKETING_VERSION = 1.0;
				PRODUCT_BUNDLE_IDENTIFIER = com.masami.MatchingSwiftUI;
				PRODUCT_NAME = "$(TARGET_NAME)";
				SWIFT_EMIT_LOC_STRINGS = YES;
				SWIFT_VERSION = 5.0;
				TARGETED_DEVICE_FAMILY = "1,2";
			};
			name = Debug;
		};
		E2F43E602A1F0E1F005A6A86 /* Release */ = {
			isa = XCBuildConfiguration;
			buildSettings = {
				ASSETCATALOG_COMPILER_APPICON_NAME = AppIcon;
				ASSETCATALOG_COMPILER_GLOBAL_ACCENT_COLOR_NAME = AccentColor;
				CODE_SIGN_STYLE = Automatic;
				CURRENT_PROJECT_VERSION = 1;
				DEVELOPMENT_ASSET_PATHS = "\"MatchingSwiftUI/Preview Content\"";
				ENABLE_PREVIEWS = YES;
				GENERATE_INFOPLIST_FILE = YES;
				INFOPLIST_KEY_UIApplicationSceneManifest_Generation = YES;
				INFOPLIST_KEY_UIApplicationSupportsIndirectInputEvents = YES;
				INFOPLIST_KEY_UILaunchScreen_Generation = YES;
				INFOPLIST_KEY_UISupportedInterfaceOrientations_iPad = "UIInterfaceOrientationPortrait UIInterfaceOrientationPortraitUpsideDown UIInterfaceOrientationLandscapeLeft UIInterfaceOrientationLandscapeRight";
				INFOPLIST_KEY_UISupportedInterfaceOrientations_iPhone = "UIInterfaceOrientationPortrait UIInterfaceOrientationLandscapeLeft UIInterfaceOrientationLandscapeRight";
				LD_RUNPATH_SEARCH_PATHS = (
					"$(inherited)",
					"@executable_path/Frameworks",
				);
				MARKETING_VERSION = 1.0;
				PRODUCT_BUNDLE_IDENTIFIER = com.masami.MatchingSwiftUI;
				PRODUCT_NAME = "$(TARGET_NAME)";
				SWIFT_EMIT_LOC_STRINGS = YES;
				SWIFT_VERSION = 5.0;
				TARGETED_DEVICE_FAMILY = "1,2";
			};
			name = Release;
		};
/* End XCBuildConfiguration section */

/* Begin XCConfigurationList section */
		E2F43E4B2A1F0E15005A6A86 /* Build configuration list for PBXProject "MatchingSwiftUI" */ = {
			isa = XCConfigurationList;
			buildConfigurations = (
				E2F43E5C2A1F0E1F005A6A86 /* Debug */,
				E2F43E5D2A1F0E1F005A6A86 /* Release */,
			);
			defaultConfigurationIsVisible = 0;
			defaultConfigurationName = Release;
		};
		E2F43E5E2A1F0E1F005A6A86 /* Build configuration list for PBXNativeTarget "MatchingSwiftUI" */ = {
			isa = XCConfigurationList;
			buildConfigurations = (
				E2F43E5F2A1F0E1F005A6A86 /* Debug */,
				E2F43E602A1F0E1F005A6A86 /* Release */,
			);
			defaultConfigurationIsVisible = 0;
			defaultConfigurationName = Release;
		};
/* End XCConfigurationList section */
	};
	rootObject = E2F43E482A1F0E15005A6A86 /* Project object */;
}
